
Microsoft Visual Studio Solution File, Format Version 12.00
# Visual Studio Version 17
VisualStudioVersion = 17.8.34316.72
MinimumVisualStudioVersion = 10.0.40219.1
Project("{FAE04EC0-301F-11D3-BF4B-00C04F79EFBC}") = "UserLoginAndSingUpPage", "UserLoginAndSingUpPage.csproj", "{0F716F4E-07A1-4982-BABF-CDC72B64AF67}"
EndProject
Global
	GlobalSection(SolutionConfigurationPlatforms) = preSolution
		Debug|Any CPU = Debug|Any CPU
		Release|Any CPU = Release|Any CPU
	EndGlobalSection
	GlobalSection(ProjectConfigurationPlatforms) = postSolution
		{0F716F4E-07A1-4982-BABF-CDC72B64AF67}.Debug|Any CPU.ActiveCfg = Debug|Any CPU
		{0F716F4E-07A1-4982-BABF-CDC72B64AF67}.Debug|Any CPU.Build.0 = Debug|Any CPU
		{0F716F4E-07A1-4982-BABF-CDC72B64AF67}.Release|Any CPU.ActiveCfg = Release|Any CPU
		{0F716F4E-07A1-4982-BABF-CDC72B64AF67}.Release|Any CPU.Build.0 = Release|Any CPU
	EndGlobalSection
	GlobalSection(SolutionProperties) = preSolution
		HideSolutionNode = FALSE
	EndGlobalSection
	GlobalSection(ExtensibilityGlobals) = postSolution
		SolutionGuid = {CC4D79F0-8768-40A1-BB25-1A4F2F855774}
	EndGlobalSection
EndGlobal
